{
  "name": "realib",
  "version": "0.0.1-beta",
  "lockfileVersion": 3,
  "requires": true,
  "packages": {
    "": {
      "name": "realib",
      "version": "0.0.1-beta",
      "license": "MIT",
      "dependencies": {
        "@minecraft/server": "^1.9.0-beta.1.20.60-stable",
        "@minecraft/server-gametest": "^1.0.0-beta.1.20.60-stable",
        "@minecraft/server-ui": "^1.2.0-beta.1.20.60-stable",
        "typescript": "^5.1.6"
      },
      "bin": {
        "realib-install": "bin/build.js"
      }
    },
    "node_modules/@minecraft/common": {
      "version": "1.1.0",
      "resolved": "https://registry.npmjs.org/@minecraft/common/-/common-1.1.0.tgz",
      "integrity": "sha512-stbUtINCXbcLNRlGNVX68xRC6ZYq3k3CYmfptwrCcPBEUjVOpVkSj3H4Y0qiSYB+1rVWv7DgiP7Uf9++50Ne5g=="
    },
    "node_modules/@minecraft/server": {
      "version": "1.9.0-rc.1.20.70-preview.22",
      "resolved": "https://registry.npmjs.org/@minecraft/server/-/server-1.9.0-rc.1.20.70-preview.22.tgz",
      "integrity": "sha512-FlzeoacTp/pi5vBI5w1ifFB9Ab/OpxZ3N6NViWH3UGTy2ePFu8Ar5bQ79tGOk2Rde5GcsrO/TeqPuhJIrwO9fA==",
      "dependencies": {
        "@minecraft/common": "^1.1.0"
      }
    },
    "node_modules/@minecraft/server-gametest": {
      "version": "1.0.0-beta.11940b24",
      "resolved": "https://registry.npmjs.org/@minecraft/server-gametest/-/server-gametest-1.0.0-beta.11940b24.tgz",
      "integrity": "sha512-TOecKhn3degu829tLYix5jlX2SN2u8xR7zA3YIzjN3WVdvPyrjr/tEKbkztf1gdmYgvm7aBu9gT3riSulz2jBw==",
      "deprecated": "No longer supported",
      "dependencies": {
        "@minecraft/server": "1.0.0-beta.11940b24"
      }
    },
    "node_modules/@minecraft/server-gametest/node_modules/@minecraft/server": {
      "version": "1.0.0-beta.11940b24",
      "resolved": "https://registry.npmjs.org/@minecraft/server/-/server-1.0.0-beta.11940b24.tgz",
      "integrity": "sha512-1d5hXQ/g+kWvpoWiQ/IInxTeOxM6RECQ2+l3bR4AmmZ58NRq4pPYevaEvhVs06yKeM/3FmSPVqBu1/Lr6gN1Rg==",
      "deprecated": "No longer supported"
    },
    "node_modules/@minecraft/server-ui": {
      "version": "1.2.0-beta.1.20.70-preview.22",
      "resolved": "https://registry.npmjs.org/@minecraft/server-ui/-/server-ui-1.2.0-beta.1.20.70-preview.22.tgz",
      "integrity": "sha512-jbNcviCehGpJ6OB9qc3lmPzkvtxmOjNhW2RSVa6z23VWYbRbQLZEIDb82g9wfwA/iJpvPuKwRBGER/CfF1+EbA==",
      "dependencies": {
        "@minecraft/common": "^1.0.0",
        "@minecraft/server": "^1.8.0"
      }
    },
    "node_modules/@minecraft/server-ui/node_modules/@minecraft/server": {
      "version": "1.8.0",
      "resolved": "https://registry.npmjs.org/@minecraft/server/-/server-1.8.0.tgz",
      "integrity": "sha512-YqH8eowsC2eAaJ/EXgUC+zfyo+iWa0jTCuLC/2zEpObg6nCJRjy0NIhIZqzxspbUOgf+qakNjNZIhLMwL+a6Fg==",
      "dependencies": {
        "@minecraft/common": "^1.1.0"
      }
    },
    "node_modules/typescript": {
      "version": "5.3.3",
      "resolved": "https://registry.npmjs.org/typescript/-/typescript-5.3.3.tgz",
      "integrity": "sha512-pXWcraxM0uxAS+tN0AG/BF2TyqmHO014Z070UsJ+pFvYuRSq8KH8DmWpnbXe0pEPDHXZV3FcAbJkijJ5oNEnWw==",
      "bin": {
        "tsc": "bin/tsc",
        "tsserver": "bin/tsserver"
      },
      "engines": {
        "node": ">=14.17"
      }
    }
  }
}
